
Microsoft Visual Studio Solution File, Format Version 12.00
# Visual Studio 15
VisualStudioVersion = 15.0.27428.2037
MinimumVisualStudioVersion = 10.0.40219.1
Project("{FAE04EC0-301F-11D3-BF4B-00C04F79EFBC}") = "dropbox_server", "dropbox_server\dropbox_server.csproj", "{71FD0B38-FA9C-4C03-AF97-D5BBB6D875AA}"
EndProject
Project("{FAE04EC0-301F-11D3-BF4B-00C04F79EFBC}") = "shared_objects", "shared_objects\shared_objects.csproj", "{82CEF595-F7E3-44D3-8581-FD54A79527B7}"
EndProject
Global
	GlobalSection(SolutionConfigurationPlatforms) = preSolution
		Debug|Any CPU = Debug|Any CPU
		Release|Any CPU = Release|Any CPU
	EndGlobalSection
	GlobalSection(ProjectConfigurationPlatforms) = postSolution
		{71FD0B38-FA9C-4C03-AF97-D5BBB6D875AA}.Debug|Any CPU.ActiveCfg = Debug|Any CPU
		{71FD0B38-FA9C-4C03-AF97-D5BBB6D875AA}.Debug|Any CPU.Build.0 = Debug|Any CPU
		{71FD0B38-FA9C-4C03-AF97-D5BBB6D875AA}.Release|Any CPU.ActiveCfg = Release|Any CPU
		{71FD0B38-FA9C-4C03-AF97-D5BBB6D875AA}.Release|Any CPU.Build.0 = Release|Any CPU
		{82CEF595-F7E3-44D3-8581-FD54A79527B7}.Debug|Any CPU.ActiveCfg = Debug|Any CPU
		{82CEF595-F7E3-44D3-8581-FD54A79527B7}.Debug|Any CPU.Build.0 = Debug|Any CPU
		{82CEF595-F7E3-44D3-8581-FD54A79527B7}.Release|Any CPU.ActiveCfg = Release|Any CPU
		{82CEF595-F7E3-44D3-8581-FD54A79527B7}.Release|Any CPU.Build.0 = Release|Any CPU
	EndGlobalSection
	GlobalSection(SolutionProperties) = preSolution
		HideSolutionNode = FALSE
	EndGlobalSection
	GlobalSection(ExtensibilityGlobals) = postSolution
		SolutionGuid = {647BF5D4-2E15-4305-B138-93B0BA306E90}
	EndGlobalSection
EndGlobal
